{
  "version": "v1",
  "packages": {
    "basic_path_api": {
      "signature": "9c231f4d27567126830355642fe06a49",
      "file": true
    },
    "grammaticalityjudgment_path_api": {
      "signature": "b8472b42139688ba8ddc1417bf6252c6",
      "file": true
    },
    "lexicaldecision_path_api": {
      "signature": "774c085b839298d3a241af6de0a498f0",
      "file": true
    },
    "selfpacedreading_path_api": {
      "signature": "a9d4f6bb21ff8dec5a0d895174e89aa8",
      "file": true
    },
    "pushkin-api": {
      "signature": "07c21a16c62ed05879bac891ae3860ee",
      "file": true,
      "replaced": "^1.6.0"
    }
  }
}