{
  "version": "v1",
  "packages": {
    "basic_path_web": {
      "signature": "2a9cff5a12e214113741e08b8e8850f6",
      "file": true
    },
    "grammaticalityjudgment_path_web": {
      "signature": "025d98df3388244cd332d1ab8e4aedb6",
      "file": true
    },
    "lexicaldecision_path_web": {
      "signature": "97cdb0f1691d42416ded1fd6c0848c39",
      "file": true
    },
    "selfpacedreading_path_web": {
      "signature": "de8dde7873c5dd4ad2645a416f363c38",
      "file": true
    },
    "pushkin-client": {
      "signature": "d0d6960e4b98e20c02f68ac7ca9bc76f",
      "file": true,
      "replaced": "^1.7.1"
    }
  }
}